
Microsoft Visual Studio Solution File, Format Version 12.00
Project("{FAE04EC0-301F-11D3-BF4B-00C04F79EFBC}") = "Web", "Web\Web.csproj", "{8831D6BF-3BDB-4047-9DA2-A62DD4103D83}"
EndProject
Project("{FAE04EC0-301F-11D3-BF4B-00C04F79EFBC}") = "Services", "Services\Services.csproj", "{4DD1D7EB-BC8E-4620-8E04-EE30FAFBBF13}"
EndProject
Project("{FAE04EC0-301F-11D3-BF4B-00C04F79EFBC}") = "Middlewares", "Middlewares\Middlewares.csproj", "{CC61D794-9EAE-4960-8C99-888C16BBD81A}"
EndProject
Project("{FAE04EC0-301F-11D3-BF4B-00C04F79EFBC}") = "BD", "BD\BD.csproj", "{0A49E72E-471E-41F5-B66F-B9D8C256B751}"
EndProject
Project("{FAE04EC0-301F-11D3-BF4B-00C04F79EFBC}") = "Exceptions", "Exceptions\Exceptions.csproj", "{54C91D46-C80E-4315-843C-0F1EAFB0DD61}"
EndProject
Global
	GlobalSection(SolutionConfigurationPlatforms) = preSolution
		Debug|Any CPU = Debug|Any CPU
		Release|Any CPU = Release|Any CPU
	EndGlobalSection
	GlobalSection(ProjectConfigurationPlatforms) = postSolution
		{8831D6BF-3BDB-4047-9DA2-A62DD4103D83}.Debug|Any CPU.ActiveCfg = Debug|Any CPU
		{8831D6BF-3BDB-4047-9DA2-A62DD4103D83}.Debug|Any CPU.Build.0 = Debug|Any CPU
		{8831D6BF-3BDB-4047-9DA2-A62DD4103D83}.Release|Any CPU.ActiveCfg = Release|Any CPU
		{8831D6BF-3BDB-4047-9DA2-A62DD4103D83}.Release|Any CPU.Build.0 = Release|Any CPU
		{4DD1D7EB-BC8E-4620-8E04-EE30FAFBBF13}.Debug|Any CPU.ActiveCfg = Debug|Any CPU
		{4DD1D7EB-BC8E-4620-8E04-EE30FAFBBF13}.Debug|Any CPU.Build.0 = Debug|Any CPU
		{4DD1D7EB-BC8E-4620-8E04-EE30FAFBBF13}.Release|Any CPU.ActiveCfg = Release|Any CPU
		{4DD1D7EB-BC8E-4620-8E04-EE30FAFBBF13}.Release|Any CPU.Build.0 = Release|Any CPU
		{CC61D794-9EAE-4960-8C99-888C16BBD81A}.Debug|Any CPU.ActiveCfg = Debug|Any CPU
		{CC61D794-9EAE-4960-8C99-888C16BBD81A}.Debug|Any CPU.Build.0 = Debug|Any CPU
		{CC61D794-9EAE-4960-8C99-888C16BBD81A}.Release|Any CPU.ActiveCfg = Release|Any CPU
		{CC61D794-9EAE-4960-8C99-888C16BBD81A}.Release|Any CPU.Build.0 = Release|Any CPU
		{0A49E72E-471E-41F5-B66F-B9D8C256B751}.Debug|Any CPU.ActiveCfg = Debug|Any CPU
		{0A49E72E-471E-41F5-B66F-B9D8C256B751}.Debug|Any CPU.Build.0 = Debug|Any CPU
		{0A49E72E-471E-41F5-B66F-B9D8C256B751}.Release|Any CPU.ActiveCfg = Release|Any CPU
		{0A49E72E-471E-41F5-B66F-B9D8C256B751}.Release|Any CPU.Build.0 = Release|Any CPU
		{54C91D46-C80E-4315-843C-0F1EAFB0DD61}.Debug|Any CPU.ActiveCfg = Debug|Any CPU
		{54C91D46-C80E-4315-843C-0F1EAFB0DD61}.Debug|Any CPU.Build.0 = Debug|Any CPU
		{54C91D46-C80E-4315-843C-0F1EAFB0DD61}.Release|Any CPU.ActiveCfg = Release|Any CPU
		{54C91D46-C80E-4315-843C-0F1EAFB0DD61}.Release|Any CPU.Build.0 = Release|Any CPU
	EndGlobalSection
EndGlobal
